
Microsoft Visual Studio Solution File, Format Version 12.00
# Visual Studio Version 17
VisualStudioVersion = 17.11.35208.52
MinimumVisualStudioVersion = 10.0.40219.1
Project("{FAE04EC0-301F-11D3-BF4B-00C04F79EFBC}") = "EasyTrip_TatilSeyahatSitesi", "EasyTrip_TatilSeyahatSitesi\EasyTrip_TatilSeyahatSitesi.csproj", "{7C87BAFD-B172-4215-B2A6-6412E9EAE3B4}"
EndProject
Global
	GlobalSection(SolutionConfigurationPlatforms) = preSolution
		Debug|Any CPU = Debug|Any CPU
		Release|Any CPU = Release|Any CPU
	EndGlobalSection
	GlobalSection(ProjectConfigurationPlatforms) = postSolution
		{7C87BAFD-B172-4215-B2A6-6412E9EAE3B4}.Debug|Any CPU.ActiveCfg = Debug|Any CPU
		{7C87BAFD-B172-4215-B2A6-6412E9EAE3B4}.Debug|Any CPU.Build.0 = Debug|Any CPU
		{7C87BAFD-B172-4215-B2A6-6412E9EAE3B4}.Release|Any CPU.ActiveCfg = Release|Any CPU
		{7C87BAFD-B172-4215-B2A6-6412E9EAE3B4}.Release|Any CPU.Build.0 = Release|Any CPU
	EndGlobalSection
	GlobalSection(SolutionProperties) = preSolution
		HideSolutionNode = FALSE
	EndGlobalSection
	GlobalSection(ExtensibilityGlobals) = postSolution
		SolutionGuid = {B432E66E-7358-43D4-8F49-CA03C3F43696}
	EndGlobalSection
EndGlobal
